
Microsoft Visual Studio Solution File, Format Version 12.00
# Visual Studio Version 18
VisualStudioVersion = 18.4.11605.240 stable
MinimumVisualStudioVersion = 10.0.40219.1
Project("{9A19103F-16F7-4668-BE54-9A1E7A4F7556}") = "CMSApi", "CMSApi.csproj", "{F7C032B0-AB74-4511-AC9B-940FC891F659}"
EndProject
Project("{FAE04EC0-301F-11D3-BF4B-00C04F79EFBC}") = "CMSApi.Tests", "CMSApi.Tests\CMSApi.Tests.csproj", "{F7C691D6-238E-416A-9416-ADCFC3E15D94}"
EndProject
Global
	GlobalSection(SolutionConfigurationPlatforms) = preSolution
		Debug|Any CPU = Debug|Any CPU
		Release|Any CPU = Release|Any CPU
	EndGlobalSection
	GlobalSection(ProjectConfigurationPlatforms) = postSolution
		{F7C032B0-AB74-4511-AC9B-940FC891F659}.Debug|Any CPU.ActiveCfg = Debug|Any CPU
		{F7C032B0-AB74-4511-AC9B-940FC891F659}.Debug|Any CPU.Build.0 = Debug|Any CPU
		{F7C032B0-AB74-4511-AC9B-940FC891F659}.Release|Any CPU.ActiveCfg = Release|Any CPU
		{F7C032B0-AB74-4511-AC9B-940FC891F659}.Release|Any CPU.Build.0 = Release|Any CPU
		{F7C691D6-238E-416A-9416-ADCFC3E15D94}.Debug|Any CPU.ActiveCfg = Debug|Any CPU
		{F7C691D6-238E-416A-9416-ADCFC3E15D94}.Debug|Any CPU.Build.0 = Debug|Any CPU
		{F7C691D6-238E-416A-9416-ADCFC3E15D94}.Release|Any CPU.ActiveCfg = Release|Any CPU
		{F7C691D6-238E-416A-9416-ADCFC3E15D94}.Release|Any CPU.Build.0 = Release|Any CPU
	EndGlobalSection
	GlobalSection(SolutionProperties) = preSolution
		HideSolutionNode = FALSE
	EndGlobalSection
	GlobalSection(ExtensibilityGlobals) = postSolution
		SolutionGuid = {D131EE2E-2BF3-4A7A-9BB8-74287660EE1B}
	EndGlobalSection
EndGlobal
